
Microsoft Visual Studio Solution File, Format Version 12.00
# Visual Studio Version 16
VisualStudioVersion = 16.0.810.5
MinimumVisualStudioVersion = 10.0.40219.1
Project("{FAE04EC0-301F-11D3-BF4B-00C04F79EFBC}") = "Technology", "Technology\Technology.csproj", "{CC550876-2F80-47A7-A489-600C4FB8F6C2}"
EndProject
Global
	GlobalSection(SolutionConfigurationPlatforms) = preSolution
		Debug|Any CPU = Debug|Any CPU
		Release|Any CPU = Release|Any CPU
	EndGlobalSection
	GlobalSection(ProjectConfigurationPlatforms) = postSolution
		{CC550876-2F80-47A7-A489-600C4FB8F6C2}.Debug|Any CPU.ActiveCfg = Debug|Any CPU
		{CC550876-2F80-47A7-A489-600C4FB8F6C2}.Debug|Any CPU.Build.0 = Debug|Any CPU
		{CC550876-2F80-47A7-A489-600C4FB8F6C2}.Release|Any CPU.ActiveCfg = Release|Any CPU
		{CC550876-2F80-47A7-A489-600C4FB8F6C2}.Release|Any CPU.Build.0 = Release|Any CPU
	EndGlobalSection
	GlobalSection(SolutionProperties) = preSolution
		HideSolutionNode = FALSE
	EndGlobalSection
	GlobalSection(ExtensibilityGlobals) = postSolution
		SolutionGuid = {A11FED38-0D4F-4707-9AD1-ECF3BFE8895D}
	EndGlobalSection
EndGlobal
